
Microsoft Visual Studio Solution File, Format Version 12.00
# Visual Studio Version 17
VisualStudioVersion = 17.14.36221.1 d17.14
MinimumVisualStudioVersion = 10.0.40219.1
Project("{FAE04EC0-301F-11D3-BF4B-00C04F79EFBC}") = "ProductManagement.Api", "ProductManagement.Api.csproj", "{BCEC9D38-95FD-4D5C-8D54-176D4D84E9A5}"
EndProject
Project("{FAE04EC0-301F-11D3-BF4B-00C04F79EFBC}") = "ProductManagement.Domain", "..\ProductManagement.Domain\ProductManagement.Domain.csproj", "{0E5D91D6-0235-41A8-A7E2-899E7FE7092D}"
EndProject
Project("{FAE04EC0-301F-11D3-BF4B-00C04F79EFBC}") = "ProductManagement.Application", "..\ProductManagement.Application\ProductManagement.Application.csproj", "{659DCD1D-CAC6-465D-8AD1-BEF5AA98B7C1}"
EndProject
Project("{FAE04EC0-301F-11D3-BF4B-00C04F79EFBC}") = "ProductManagement.Infrastructure", "..\ProductManagement.Infrastructure\ProductManagement.Infrastructure.csproj", "{90C95482-D4D9-4436-BD94-5F853EC5B6FA}"
EndProject
Global
	GlobalSection(SolutionConfigurationPlatforms) = preSolution
		Debug|Any CPU = Debug|Any CPU
		Release|Any CPU = Release|Any CPU
	EndGlobalSection
	GlobalSection(ProjectConfigurationPlatforms) = postSolution
		{BCEC9D38-95FD-4D5C-8D54-176D4D84E9A5}.Debug|Any CPU.ActiveCfg = Debug|Any CPU
		{BCEC9D38-95FD-4D5C-8D54-176D4D84E9A5}.Debug|Any CPU.Build.0 = Debug|Any CPU
		{BCEC9D38-95FD-4D5C-8D54-176D4D84E9A5}.Release|Any CPU.ActiveCfg = Release|Any CPU
		{BCEC9D38-95FD-4D5C-8D54-176D4D84E9A5}.Release|Any CPU.Build.0 = Release|Any CPU
		{0E5D91D6-0235-41A8-A7E2-899E7FE7092D}.Debug|Any CPU.ActiveCfg = Debug|Any CPU
		{0E5D91D6-0235-41A8-A7E2-899E7FE7092D}.Debug|Any CPU.Build.0 = Debug|Any CPU
		{0E5D91D6-0235-41A8-A7E2-899E7FE7092D}.Release|Any CPU.ActiveCfg = Release|Any CPU
		{0E5D91D6-0235-41A8-A7E2-899E7FE7092D}.Release|Any CPU.Build.0 = Release|Any CPU
		{659DCD1D-CAC6-465D-8AD1-BEF5AA98B7C1}.Debug|Any CPU.ActiveCfg = Debug|Any CPU
		{659DCD1D-CAC6-465D-8AD1-BEF5AA98B7C1}.Debug|Any CPU.Build.0 = Debug|Any CPU
		{659DCD1D-CAC6-465D-8AD1-BEF5AA98B7C1}.Release|Any CPU.ActiveCfg = Release|Any CPU
		{659DCD1D-CAC6-465D-8AD1-BEF5AA98B7C1}.Release|Any CPU.Build.0 = Release|Any CPU
		{90C95482-D4D9-4436-BD94-5F853EC5B6FA}.Debug|Any CPU.ActiveCfg = Debug|Any CPU
		{90C95482-D4D9-4436-BD94-5F853EC5B6FA}.Debug|Any CPU.Build.0 = Debug|Any CPU
		{90C95482-D4D9-4436-BD94-5F853EC5B6FA}.Release|Any CPU.ActiveCfg = Release|Any CPU
		{90C95482-D4D9-4436-BD94-5F853EC5B6FA}.Release|Any CPU.Build.0 = Release|Any CPU
	EndGlobalSection
	GlobalSection(SolutionProperties) = preSolution
		HideSolutionNode = FALSE
	EndGlobalSection
	GlobalSection(ExtensibilityGlobals) = postSolution
		SolutionGuid = {C79509EE-0658-455D-BC86-68F1B8104CA0}
	EndGlobalSection
EndGlobal
